{
  "pins" : [
    {
      "identity" : "swift-async-queue",
      "kind" : "remoteSourceControl",
      "location" : "https://github.com/dfed/swift-async-queue",
      "state" : {
        "revision" : "4fb464f3acc6770d3b2103b8e7928c18644e4d48",
        "version" : "0.3.0"
      }
    },
    {
      "identity" : "swift-log",
      "kind" : "remoteSourceControl",
      "location" : "https://github.com/apple/swift-log.git",
      "state" : {
        "revision" : "6fe203dc33195667ce1759bf0182975e4653ba1c",
        "version" : "1.4.4"
      }
    }
  ],
  "version" : 2
}
